// !$*UTF8*$!
{
	archiveVersion = 1;
	classes = {
	};
	objectVersion = 46;
	objects = {

/* Begin PBXBuildFile section */
		2E93D4D342D5A97D3EDC1D42 /* libPods.a in Frameworks */ = {isa = PBXBuildFile; fileRef = 5CB7AC490AFA75E4CA74D9CB /* libPods.a */; };
		3CCB78211A01629200BEACF7 /* main.m in Sources */ = {isa = PBXBuildFile; fileRef = 3CCB78201A01629200BEACF7 /* main.m */; };
		3CCB78241A01629200BEACF7 /* AppDelegate.m in Sources */ = {isa = PBXBuildFile; fileRef = 3CCB78231A01629200BEACF7 /* AppDelegate.m */; };
		3CCB782A1A01629200BEACF7 /* Main.storyboard in Resources */ = {isa = PBXBuildFile; fileRef = 3CCB78281A01629200BEACF7 /* Main.storyboard */; };
		3CCB782C1A01629200BEACF7 /* Images.xcassets in Resources */ = {isa = PBXBuildFile; fileRef = 3CCB782B1A01629200BEACF7 /* Images.xcassets */; };
		3CCB782F1A01629200BEACF7 /* LaunchScreen.xib in Resources */ = {isa = PBXBuildFile; fileRef = 3CCB782D1A01629200BEACF7 /* LaunchScreen.xib */; };
		3CCB783B1A01629200BEACF7 /* QuotesListExampleTests.m in Sources */ = {isa = PBXBuildFile; fileRef = 3CCB783A1A01629200BEACF7 /* QuotesListExampleTests.m */; };
		3CCB78531A02221900BEACF7 /* QuoteViewModel.m in Sources */ = {isa = PBXBuildFile; fileRef = 3CCB78521A02221900BEACF7 /* QuoteViewModel.m */; };
		3CCB78561A02222200BEACF7 /* QuoteListViewController.m in Sources */ = {isa = PBXBuildFile; fileRef = 3CCB78551A02222200BEACF7 /* QuoteListViewController.m */; };
		3CCB78591A02225C00BEACF7 /* QuoteListViewModel.m in Sources */ = {isa = PBXBuildFile; fileRef = 3CCB78581A02225C00BEACF7 /* QuoteListViewModel.m */; };
		3CCB78601A02259F00BEACF7 /* QuoteTableViewCell.m in Sources */ = {isa = PBXBuildFile; fileRef = 3CCB785E1A02259F00BEACF7 /* QuoteTableViewCell.m */; };
		3CCB78611A02259F00BEACF7 /* QuoteTableViewCell.xib in Resources */ = {isa = PBXBuildFile; fileRef = 3CCB785F1A02259F00BEACF7 /* QuoteTableViewCell.xib */; };
/* End PBXBuildFile section */

/* Begin PBXContainerItemProxy section */
		3CCB78351A01629200BEACF7 /* PBXContainerItemProxy */ = {
			isa = PBXContainerItemProxy;
			containerPortal = 3CCB78131A01629200BEACF7 /* Project object */;
			proxyType = 1;
			remoteGlobalIDString = 3CCB781A1A01629200BEACF7;
			remoteInfo = QuotesListExample;
		};
/* End PBXContainerItemProxy section */

/* Begin PBXFileReference section */
		0BD5A519F1F347E865623E0F /* Pods.debug.xcconfig */ = {isa = PBXFileReference; includeInIndex = 1; lastKnownFileType = text.xcconfig; name = Pods.debug.xcconfig; path = "Pods/Target Support Files/Pods/Pods.debug.xcconfig"; sourceTree = "<group>"; };
		3CCB781B1A01629200BEACF7 /* QuotesListExample.app */ = {isa = PBXFileReference; explicitFileType = wrapper.application; includeInIndex = 0; path = QuotesListExample.app; sourceTree = BUILT_PRODUCTS_DIR; };
		3CCB781F1A01629200BEACF7 /* Info.plist */ = {isa = PBXFileReference; lastKnownFileType = text.plist.xml; path = Info.plist; sourceTree = "<group>"; };
		3CCB78201A01629200BEACF7 /* main.m */ = {isa = PBXFileReference; lastKnownFileType = sourcecode.c.objc; path = main.m; sourceTree = "<group>"; };
		3CCB78221A01629200BEACF7 /* AppDelegate.h */ = {isa = PBXFileReference; lastKnownFileType = sourcecode.c.h; path = AppDelegate.h; sourceTree = "<group>"; };
		3CCB78231A01629200BEACF7 /* AppDelegate.m */ = {isa = PBXFileReference; lastKnownFileType = sourcecode.c.objc; path = AppDelegate.m; sourceTree = "<group>"; };
		3CCB78291A01629200BEACF7 /* Base */ = {isa = PBXFileReference; lastKnownFileType = file.storyboard; name = Base; path = Base.lproj/Main.storyboard; sourceTree = "<group>"; };
		3CCB782B1A01629200BEACF7 /* Images.xcassets */ = {isa = PBXFileReference; lastKnownFileType = folder.assetcatalog; path = Images.xcassets; sourceTree = "<group>"; };
		3CCB782E1A01629200BEACF7 /* Base */ = {isa = PBXFileReference; lastKnownFileType = file.xib; name = Base; path = Base.lproj/LaunchScreen.xib; sourceTree = "<group>"; };
		3CCB78341A01629200BEACF7 /* QuotesListExampleTests.xctest */ = {isa = PBXFileReference; explicitFileType = wrapper.cfbundle; includeInIndex = 0; path = QuotesListExampleTests.xctest; sourceTree = BUILT_PRODUCTS_DIR; };
		3CCB78391A01629200BEACF7 /* Info.plist */ = {isa = PBXFileReference; lastKnownFileType = text.plist.xml; path = Info.plist; sourceTree = "<group>"; };
		3CCB783A1A01629200BEACF7 /* QuotesListExampleTests.m */ = {isa = PBXFileReference; lastKnownFileType = sourcecode.c.objc; path = QuotesListExampleTests.m; sourceTree = "<group>"; };
		3CCB78511A02221900BEACF7 /* QuoteViewModel.h */ = {isa = PBXFileReference; fileEncoding = 4; lastKnownFileType = sourcecode.c.h; name = QuoteViewModel.h; path = ViewModel/QuoteViewModel.h; sourceTree = "<group>"; };
		3CCB78521A02221900BEACF7 /* QuoteViewModel.m */ = {isa = PBXFileReference; fileEncoding = 4; lastKnownFileType = sourcecode.c.objc; name = QuoteViewModel.m; path = ViewModel/QuoteViewModel.m; sourceTree = "<group>"; };
		3CCB78541A02222200BEACF7 /* QuoteListViewController.h */ = {isa = PBXFileReference; fileEncoding = 4; lastKnownFileType = sourcecode.c.h; name = QuoteListViewController.h; path = View/QuoteListViewController.h; sourceTree = "<group>"; };
		3CCB78551A02222200BEACF7 /* QuoteListViewController.m */ = {isa = PBXFileReference; fileEncoding = 4; lastKnownFileType = sourcecode.c.objc; name = QuoteListViewController.m; path = View/QuoteListViewController.m; sourceTree = "<group>"; };
		3CCB78571A02225C00BEACF7 /* QuoteListViewModel.h */ = {isa = PBXFileReference; fileEncoding = 4; lastKnownFileType = sourcecode.c.h; name = QuoteListViewModel.h; path = ViewModel/QuoteListViewModel.h; sourceTree = "<group>"; };
		3CCB78581A02225C00BEACF7 /* QuoteListViewModel.m */ = {isa = PBXFileReference; fileEncoding = 4; lastKnownFileType = sourcecode.c.objc; name = QuoteListViewModel.m; path = ViewModel/QuoteListViewModel.m; sourceTree = "<group>"; };
		3CCB785D1A02259F00BEACF7 /* QuoteTableViewCell.h */ = {isa = PBXFileReference; fileEncoding = 4; lastKnownFileType = sourcecode.c.h; name = QuoteTableViewCell.h; path = View/QuoteTableViewCell.h; sourceTree = "<group>"; };
		3CCB785E1A02259F00BEACF7 /* QuoteTableViewCell.m */ = {isa = PBXFileReference; fileEncoding = 4; lastKnownFileType = sourcecode.c.objc; name = QuoteTableViewCell.m; path = View/QuoteTableViewCell.m; sourceTree = "<group>"; };
		3CCB785F1A02259F00BEACF7 /* QuoteTableViewCell.xib */ = {isa = PBXFileReference; fileEncoding = 4; lastKnownFileType = file.xib; name = QuoteTableViewCell.xib; path = View/QuoteTableViewCell.xib; sourceTree = "<group>"; };
		5CB7AC490AFA75E4CA74D9CB /* libPods.a */ = {isa = PBXFileReference; explicitFileType = archive.ar; includeInIndex = 0; path = libPods.a; sourceTree = BUILT_PRODUCTS_DIR; };
		798D9C284FC5F0CE9F5B9921 /* Pods.release.xcconfig */ = {isa = PBXFileReference; includeInIndex = 1; lastKnownFileType = text.xcconfig; name = Pods.release.xcconfig; path = "Pods/Target Support Files/Pods/Pods.release.xcconfig"; sourceTree = "<group>"; };
/* End PBXFileReference section */

/* Begin PBXFrameworksBuildPhase section */
		3CCB78181A01629200BEACF7 /* Frameworks */ = {
			isa = PBXFrameworksBuildPhase;
			buildActionMask = 2147483647;
			files = (
				2E93D4D342D5A97D3EDC1D42 /* libPods.a in Frameworks */,
			);
			runOnlyForDeploymentPostprocessing = 0;
		};
		3CCB78311A01629200BEACF7 /* Frameworks */ = {
			isa = PBXFrameworksBuildPhase;
			buildActionMask = 2147483647;
			files = (
			);
			runOnlyForDeploymentPostprocessing = 0;
		};
/* End PBXFrameworksBuildPhase section */

/* Begin PBXGroup section */
		3CCB78121A01629200BEACF7 = {
			isa = PBXGroup;
			children = (
				3CCB781D1A01629200BEACF7 /* QuotesListExample */,
				3CCB78371A01629200BEACF7 /* QuotesListExampleTests */,
				3CCB781C1A01629200BEACF7 /* Products */,
				92FE8479AF9B7B7193CF2407 /* Pods */,
				902848EE2BF8F6134F31EBB1 /* Frameworks */,
			);
			sourceTree = "<group>";
		};
		3CCB781C1A01629200BEACF7 /* Products */ = {
			isa = PBXGroup;
			children = (
				3CCB781B1A01629200BEACF7 /* QuotesListExample.app */,
				3CCB78341A01629200BEACF7 /* QuotesListExampleTests.xctest */,
			);
			name = Products;
			sourceTree = "<group>";
		};
		3CCB781D1A01629200BEACF7 /* QuotesListExample */ = {
			isa = PBXGroup;
			children = (
				3CCB784D1A0221D500BEACF7 /* ViewModel */,
				3CCB784C1A0221B800BEACF7 /* View */,
				3CCB78221A01629200BEACF7 /* AppDelegate.h */,
				3CCB78231A01629200BEACF7 /* AppDelegate.m */,
				3CCB78281A01629200BEACF7 /* Main.storyboard */,
				3CCB782B1A01629200BEACF7 /* Images.xcassets */,
				3CCB782D1A01629200BEACF7 /* LaunchScreen.xib */,
				3CCB781E1A01629200BEACF7 /* Supporting Files */,
			);
			path = QuotesListExample;
			sourceTree = "<group>";
		};
		3CCB781E1A01629200BEACF7 /* Supporting Files */ = {
			isa = PBXGroup;
			children = (
				3CCB781F1A01629200BEACF7 /* Info.plist */,
				3CCB78201A01629200BEACF7 /* main.m */,
			);
			name = "Supporting Files";
			sourceTree = "<group>";
		};
		3CCB78371A01629200BEACF7 /* QuotesListExampleTests */ = {
			isa = PBXGroup;
			children = (
				3CCB783A1A01629200BEACF7 /* QuotesListExampleTests.m */,
				3CCB78381A01629200BEACF7 /* Supporting Files */,
			);
			path = QuotesListExampleTests;
			sourceTree = "<group>";
		};
		3CCB78381A01629200BEACF7 /* Supporting Files */ = {
			isa = PBXGroup;
			children = (
				3CCB78391A01629200BEACF7 /* Info.plist */,
			);
			name = "Supporting Files";
			sourceTree = "<group>";
		};
		3CCB784C1A0221B800BEACF7 /* View */ = {
			isa = PBXGroup;
			children = (
				3CCB78541A02222200BEACF7 /* QuoteListViewController.h */,
				3CCB78551A02222200BEACF7 /* QuoteListViewController.m */,
				3CCB785D1A02259F00BEACF7 /* QuoteTableViewCell.h */,
				3CCB785E1A02259F00BEACF7 /* QuoteTableViewCell.m */,
				3CCB785F1A02259F00BEACF7 /* QuoteTableViewCell.xib */,
			);
			name = View;
			sourceTree = "<group>";
		};
		3CCB784D1A0221D500BEACF7 /* ViewModel */ = {
			isa = PBXGroup;
			children = (
				3CCB78511A02221900BEACF7 /* QuoteViewModel.h */,
				3CCB78521A02221900BEACF7 /* QuoteViewModel.m */,
				3CCB78571A02225C00BEACF7 /* QuoteListViewModel.h */,
				3CCB78581A02225C00BEACF7 /* QuoteListViewModel.m */,
			);
			name = ViewModel;
			sourceTree = "<group>";
		};
		902848EE2BF8F6134F31EBB1 /* Frameworks */ = {
			isa = PBXGroup;
			children = (
				5CB7AC490AFA75E4CA74D9CB /* libPods.a */,
			);
			name = Frameworks;
			sourceTree = "<group>";
		};
		92FE8479AF9B7B7193CF2407 /* Pods */ = {
			isa = PBXGroup;
			children = (
				0BD5A519F1F347E865623E0F /* Pods.debug.xcconfig */,
				798D9C284FC5F0CE9F5B9921 /* Pods.release.xcconfig */,
			);
			name = Pods;
			sourceTree = "<group>";
		};
/* End PBXGroup section */

/* Begin PBXNativeTarget section */
		3CCB781A1A01629200BEACF7 /* QuotesListExample */ = {
			isa = PBXNativeTarget;
			buildConfigurationList = 3CCB783E1A01629200BEACF7 /* Build configuration list for PBXNativeTarget "QuotesListExample" */;
			buildPhases = (
				9CBBC437B945F0CCEFF09D32 /* Check Pods Manifest.lock */,
				3CCB78171A01629200BEACF7 /* Sources */,
				3CCB78181A01629200BEACF7 /* Frameworks */,
				3CCB78191A01629200BEACF7 /* Resources */,
				E63637355496EEFBDF3FBB98 /* Copy Pods Resources */,
			);
			buildRules = (
			);
			dependencies = (
			);
			name = QuotesListExample;
			productName = QuotesListExample;
			productReference = 3CCB781B1A01629200BEACF7 /* QuotesListExample.app */;
			productType = "com.apple.product-type.application";
		};
		3CCB78331A01629200BEACF7 /* QuotesListExampleTests */ = {
			isa = PBXNativeTarget;
			buildConfigurationList = 3CCB78411A01629200BEACF7 /* Build configuration list for PBXNativeTarget "QuotesListExampleTests" */;
			buildPhases = (
				3CCB78301A01629200BEACF7 /* Sources */,
				3CCB78311A01629200BEACF7 /* Frameworks */,
				3CCB78321A01629200BEACF7 /* Resources */,
			);
			buildRules = (
			);
			dependencies = (
				3CCB78361A01629200BEACF7 /* PBXTargetDependency */,
			);
			name = QuotesListExampleTests;
			productName = QuotesListExampleTests;
			productReference = 3CCB78341A01629200BEACF7 /* QuotesListExampleTests.xctest */;
			productType = "com.apple.product-type.bundle.unit-test";
		};
/* End PBXNativeTarget section */

/* Begin PBXProject section */
		3CCB78131A01629200BEACF7 /* Project object */ = {
			isa = PBXProject;
			attributes = {
				LastUpgradeCheck = 0610;
				ORGANIZATIONNAME = "Colin Eberhardt";
				TargetAttributes = {
					3CCB781A1A01629200BEACF7 = {
						CreatedOnToolsVersion = 6.1;
					};
					3CCB78331A01629200BEACF7 = {
						CreatedOnToolsVersion = 6.1;
						TestTargetID = 3CCB781A1A01629200BEACF7;
					};
				};
			};
			buildConfigurationList = 3CCB78161A01629200BEACF7 /* Build configuration list for PBXProject "QuotesListExample" */;
			compatibilityVersion = "Xcode 3.2";
			developmentRegion = English;
			hasScannedForEncodings = 0;
			knownRegions = (
				en,
				Base,
			);
			mainGroup = 3CCB78121A01629200BEACF7;
			productRefGroup = 3CCB781C1A01629200BEACF7 /* Products */;
			projectDirPath = "";
			projectRoot = "";
			targets = (
				3CCB781A1A01629200BEACF7 /* QuotesListExample */,
				3CCB78331A01629200BEACF7 /* QuotesListExampleTests */,
			);
		};
/* End PBXProject section */

/* Begin PBXResourcesBuildPhase section */
		3CCB78191A01629200BEACF7 /* Resources */ = {
			isa = PBXResourcesBuildPhase;
			buildActionMask = 2147483647;
			files = (
				3CCB78611A02259F00BEACF7 /* QuoteTableViewCell.xib in Resources */,
				3CCB782A1A01629200BEACF7 /* Main.storyboard in Resources */,
				3CCB782F1A01629200BEACF7 /* LaunchScreen.xib in Resources */,
				3CCB782C1A01629200BEACF7 /* Images.xcassets in Resources */,
			);
			runOnlyForDeploymentPostprocessing = 0;
		};
		3CCB78321A01629200BEACF7 /* Resources */ = {
			isa = PBXResourcesBuildPhase;
			buildActionMask = 2147483647;
			files = (
			);
			runOnlyForDeploymentPostprocessing = 0;
		};
/* End PBXResourcesBuildPhase section */

/* Begin PBXShellScriptBuildPhase section */
		9CBBC437B945F0CCEFF09D32 /* Check Pods Manifest.lock */ = {
			isa = PBXShellScriptBuildPhase;
			buildActionMask = 2147483647;
			files = (
			);
			inputPaths = (
			);
			name = "Check Pods Manifest.lock";
			outputPaths = (
			);
			runOnlyForDeploymentPostprocessing = 0;
			shellPath = /bin/sh;
			shellScript = "diff \"${PODS_ROOT}/../Podfile.lock\" \"${PODS_ROOT}/Manifest.lock\" > /dev/null\nif [[ $? != 0 ]] ; then\n    cat << EOM\nerror: The sandbox is not in sync with the Podfile.lock. Run 'pod install' or update your CocoaPods installation.\nEOM\n    exit 1\nfi\n";
			showEnvVarsInLog = 0;
		};
		E63637355496EEFBDF3FBB98 /* Copy Pods Resources */ = {
			isa = PBXShellScriptBuildPhase;
			buildActionMask = 2147483647;
			files = (
			);
			inputPaths = (
			);
			name = "Copy Pods Resources";
			outputPaths = (
			);
			runOnlyForDeploymentPostprocessing = 0;
			shellPath = /bin/sh;
			shellScript = "\"${SRCROOT}/Pods/Target Support Files/Pods/Pods-resources.sh\"\n";
			showEnvVarsInLog = 0;
		};
/* End PBXShellScriptBuildPhase section */

/* Begin PBXSourcesBuildPhase section */
		3CCB78171A01629200BEACF7 /* Sources */ = {
			isa = PBXSourcesBuildPhase;
			buildActionMask = 2147483647;
			files = (
				3CCB78601A02259F00BEACF7 /* QuoteTableViewCell.m in Sources */,
				3CCB78561A02222200BEACF7 /* QuoteListViewController.m in Sources */,
				3CCB78591A02225C00BEACF7 /* QuoteListViewModel.m in Sources */,
				3CCB78241A01629200BEACF7 /* AppDelegate.m in Sources */,
				3CCB78211A01629200BEACF7 /* main.m in Sources */,
				3CCB78531A02221900BEACF7 /* QuoteViewModel.m in Sources */,
			);
			runOnlyForDeploymentPostprocessing = 0;
		};
		3CCB78301A01629200BEACF7 /* Sources */ = {
			isa = PBXSourcesBuildPhase;
			buildActionMask = 2147483647;
			files = (
				3CCB783B1A01629200BEACF7 /* QuotesListExampleTests.m in Sources */,
			);
			runOnlyForDeploymentPostprocessing = 0;
		};
/* End PBXSourcesBuildPhase section */

/* Begin PBXTargetDependency section */
		3CCB78361A01629200BEACF7 /* PBXTargetDependency */ = {
			isa = PBXTargetDependency;
			target = 3CCB781A1A01629200BEACF7 /* QuotesListExample */;
			targetProxy = 3CCB78351A01629200BEACF7 /* PBXContainerItemProxy */;
		};
/* End PBXTargetDependency section */

/* Begin PBXVariantGroup section */
		3CCB78281A01629200BEACF7 /* Main.storyboard */ = {
			isa = PBXVariantGroup;
			children = (
				3CCB78291A01629200BEACF7 /* Base */,
			);
			name = Main.storyboard;
			sourceTree = "<group>";
		};
		3CCB782D1A01629200BEACF7 /* LaunchScreen.xib */ = {
			isa = PBXVariantGroup;
			children = (
				3CCB782E1A01629200BEACF7 /* Base */,
			);
			name = LaunchScreen.xib;
			sourceTree = "<group>";
		};
/* End PBXVariantGroup section */

/* Begin XCBuildConfiguration section */
		3CCB783C1A01629200BEACF7 /* Debug */ = {
			isa = XCBuildConfiguration;
			buildSettings = {
				ALWAYS_SEARCH_USER_PATHS = NO;
				CLANG_CXX_LANGUAGE_STANDARD = "gnu++0x";
				CLANG_CXX_LIBRARY = "libc++";
				CLANG_ENABLE_MODULES = YES;
				CLANG_ENABLE_OBJC_ARC = YES;
				CLANG_WARN_BOOL_CONVERSION = YES;
				CLANG_WARN_CONSTANT_CONVERSION = YES;
				CLANG_WARN_DIRECT_OBJC_ISA_USAGE = YES_ERROR;
				CLANG_WARN_EMPTY_BODY = YES;
				CLANG_WARN_ENUM_CONVERSION = YES;
				CLANG_WARN_INT_CONVERSION = YES;
				CLANG_WARN_OBJC_ROOT_CLASS = YES_ERROR;
				CLANG_WARN_UNREACHABLE_CODE = YES;
				CLANG_WARN__DUPLICATE_METHOD_MATCH = YES;
				"CODE_SIGN_IDENTITY[sdk=iphoneos*]" = "iPhone Developer";
				COPY_PHASE_STRIP = NO;
				ENABLE_STRICT_OBJC_MSGSEND = YES;
				GCC_C_LANGUAGE_STANDARD = gnu99;
				GCC_DYNAMIC_NO_PIC = NO;
				GCC_OPTIMIZATION_LEVEL = 0;
				GCC_PREPROCESSOR_DEFINITIONS = (
					"DEBUG=1",
					"$(inherited)",
				);
				GCC_SYMBOLS_PRIVATE_EXTERN = NO;
				GCC_WARN_64_TO_32_BIT_CONVERSION = YES;
				GCC_WARN_ABOUT_RETURN_TYPE = YES_ERROR;
				GCC_WARN_UNDECLARED_SELECTOR = YES;
				GCC_WARN_UNINITIALIZED_AUTOS = YES_AGGRESSIVE;
				GCC_WARN_UNUSED_FUNCTION = YES;
				GCC_WARN_UNUSED_VARIABLE = YES;
				IPHONEOS_DEPLOYMENT_TARGET = 8.0;
				MTL_ENABLE_DEBUG_INFO = YES;
				ONLY_ACTIVE_ARCH = YES;
				SDKROOT = iphoneos;
			};
			name = Debug;
		};
		3CCB783D1A01629200BEACF7 /* Release */ = {
			isa = XCBuildConfiguration;
			buildSettings = {
				ALWAYS_SEARCH_USER_PATHS = NO;
				CLANG_CXX_LANGUAGE_STANDARD = "gnu++0x";
				CLANG_CXX_LIBRARY = "libc++";
				CLANG_ENABLE_MODULES = YES;
				CLANG_ENABLE_OBJC_ARC = YES;
				CLANG_WARN_BOOL_CONVERSION = YES;
				CLANG_WARN_CONSTANT_CONVERSION = YES;
				CLANG_WARN_DIRECT_OBJC_ISA_USAGE = YES_ERROR;
				CLANG_WARN_EMPTY_BODY = YES;
				CLANG_WARN_ENUM_CONVERSION = YES;
				CLANG_WARN_INT_CONVERSION = YES;
				CLANG_WARN_OBJC_ROOT_CLASS = YES_ERROR;
				CLANG_WARN_UNREACHABLE_CODE = YES;
				CLANG_WARN__DUPLICATE_METHOD_MATCH = YES;
				"CODE_SIGN_IDENTITY[sdk=iphoneos*]" = "iPhone Developer";
				COPY_PHASE_STRIP = YES;
				ENABLE_NS_ASSERTIONS = NO;
				ENABLE_STRICT_OBJC_MSGSEND = YES;
				GCC_C_LANGUAGE_STANDARD = gnu99;
				GCC_WARN_64_TO_32_BIT_CONVERSION = YES;
				GCC_WARN_ABOUT_RETURN_TYPE = YES_ERROR;
				GCC_WARN_UNDECLARED_SELECTOR = YES;
				GCC_WARN_UNINITIALIZED_AUTOS = YES_AGGRESSIVE;
				GCC_WARN_UNUSED_FUNCTION = YES;
				GCC_WARN_UNUSED_VARIABLE = YES;
				IPHONEOS_DEPLOYMENT_TARGET = 8.0;
				MTL_ENABLE_DEBUG_INFO = NO;
				SDKROOT = iphoneos;
				VALIDATE_PRODUCT = YES;
			};
			name = Release;
		};
		3CCB783F1A01629200BEACF7 /* Debug */ = {
			isa = XCBuildConfiguration;
			baseConfigurationReference = 0BD5A519F1F347E865623E0F /* Pods.debug.xcconfig */;
			buildSettings = {
				ASSETCATALOG_COMPILER_APPICON_NAME = AppIcon;
				CODE_SIGN_IDENTITY = "iPhone Developer";
				INFOPLIST_FILE = QuotesListExample/Info.plist;
				IPHONEOS_DEPLOYMENT_TARGET = 8.0;
				LD_RUNPATH_SEARCH_PATHS = "$(inherited) @executable_path/Frameworks";
				PRODUCT_NAME = "$(TARGET_NAME)";
			};
			name = Debug;
		};
		3CCB78401A01629200BEACF7 /* Release */ = {
			isa = XCBuildConfiguration;
			baseConfigurationReference = 798D9C284FC5F0CE9F5B9921 /* Pods.release.xcconfig */;
			buildSettings = {
				ASSETCATALOG_COMPILER_APPICON_NAME = AppIcon;
				CODE_SIGN_IDENTITY = "iPhone Developer";
				INFOPLIST_FILE = QuotesListExample/Info.plist;
				IPHONEOS_DEPLOYMENT_TARGET = 8.0;
				LD_RUNPATH_SEARCH_PATHS = "$(inherited) @executable_path/Frameworks";
				PRODUCT_NAME = "$(TARGET_NAME)";
			};
			name = Release;
		};
		3CCB78421A01629200BEACF7 /* Debug */ = {
			isa = XCBuildConfiguration;
			buildSettings = {
				BUNDLE_LOADER = "$(TEST_HOST)";
				FRAMEWORK_SEARCH_PATHS = (
					"$(SDKROOT)/Developer/Library/Frameworks",
					"$(inherited)",
				);
				GCC_PREPROCESSOR_DEFINITIONS = (
					"DEBUG=1",
					"$(inherited)",
				);
				INFOPLIST_FILE = QuotesListExampleTests/Info.plist;
				LD_RUNPATH_SEARCH_PATHS = "$(inherited) @executable_path/Frameworks @loader_path/Frameworks";
				PRODUCT_NAME = "$(TARGET_NAME)";
				TEST_HOST = "$(BUILT_PRODUCTS_DIR)/QuotesListExample.app/QuotesListExample";
			};
			name = Debug;
		};
		3CCB78431A01629200BEACF7 /* Release */ = {
			isa = XCBuildConfiguration;
			buildSettings = {
				BUNDLE_LOADER = "$(TEST_HOST)";
				FRAMEWORK_SEARCH_PATHS = (
					"$(SDKROOT)/Developer/Library/Frameworks",
					"$(inherited)",
				);
				INFOPLIST_FILE = QuotesListExampleTests/Info.plist;
				LD_RUNPATH_SEARCH_PATHS = "$(inherited) @executable_path/Frameworks @loader_path/Frameworks";
				PRODUCT_NAME = "$(TARGET_NAME)";
				TEST_HOST = "$(BUILT_PRODUCTS_DIR)/QuotesListExample.app/QuotesListExample";
			};
			name = Release;
		};
/* End XCBuildConfiguration section */

/* Begin XCConfigurationList section */
		3CCB78161A01629200BEACF7 /* Build configuration list for PBXProject "QuotesListExample" */ = {
			isa = XCConfigurationList;
			buildConfigurations = (
				3CCB783C1A01629200BEACF7 /* Debug */,
				3CCB783D1A01629200BEACF7 /* Release */,
			);
			defaultConfigurationIsVisible = 0;
			defaultConfigurationName = Release;
		};
		3CCB783E1A01629200BEACF7 /* Build configuration list for PBXNativeTarget "QuotesListExample" */ = {
			isa = XCConfigurationList;
			buildConfigurations = (
				3CCB783F1A01629200BEACF7 /* Debug */,
				3CCB78401A01629200BEACF7 /* Release */,
			);
			defaultConfigurationIsVisible = 0;
			defaultConfigurationName = Release;
		};
		3CCB78411A01629200BEACF7 /* Build configuration list for PBXNativeTarget "QuotesListExampleTests" */ = {
			isa = XCConfigurationList;
			buildConfigurations = (
				3CCB78421A01629200BEACF7 /* Debug */,
				3CCB78431A01629200BEACF7 /* Release */,
			);
			defaultConfigurationIsVisible = 0;
			defaultConfigurationName = Release;
		};
/* End XCConfigurationList section */
	};
	rootObject = 3CCB78131A01629200BEACF7 /* Project object */;
}
